
Microsoft Visual Studio Solution File, Format Version 12.00
# Visual Studio Version 17
VisualStudioVersion = 17.7.34031.279
MinimumVisualStudioVersion = 10.0.40219.1
Project("{2150E333-8FDC-42A3-9474-1A3956D46DE8}") = "Domain", "Domain", "{BB40C7DB-0E2B-479A-B46C-D76D06F7015E}"
EndProject
Project("{FAE04EC0-301F-11D3-BF4B-00C04F79EFBC}") = "ShopManagement.Domain", "ShopManagement.Domain\ShopManagement.Domain.csproj", "{3316EBD6-9BAB-47D1-808E-F5E07F8343E5}"
EndProject
Global
	GlobalSection(SolutionConfigurationPlatforms) = preSolution
		Debug|Any CPU = Debug|Any CPU
		Release|Any CPU = Release|Any CPU
	EndGlobalSection
	GlobalSection(ProjectConfigurationPlatforms) = postSolution
		{3316EBD6-9BAB-47D1-808E-F5E07F8343E5}.Debug|Any CPU.ActiveCfg = Debug|Any CPU
		{3316EBD6-9BAB-47D1-808E-F5E07F8343E5}.Debug|Any CPU.Build.0 = Debug|Any CPU
		{3316EBD6-9BAB-47D1-808E-F5E07F8343E5}.Release|Any CPU.ActiveCfg = Release|Any CPU
		{3316EBD6-9BAB-47D1-808E-F5E07F8343E5}.Release|Any CPU.Build.0 = Release|Any CPU
	EndGlobalSection
	GlobalSection(SolutionProperties) = preSolution
		HideSolutionNode = FALSE
	EndGlobalSection
	GlobalSection(NestedProjects) = preSolution
		{3316EBD6-9BAB-47D1-808E-F5E07F8343E5} = {BB40C7DB-0E2B-479A-B46C-D76D06F7015E}
	EndGlobalSection
	GlobalSection(ExtensibilityGlobals) = postSolution
		SolutionGuid = {DA6CF04C-D2FA-4DEB-A9CD-AC87248AA076}
	EndGlobalSection
EndGlobal
